{
  "nodes": {
    "flake-utils": {
      "locked": {
        "lastModified": 1610051610,
        "narHash": "sha256-U9rPz/usA1/Aohhk7Cmc2gBrEEKRzcW4nwPWMPwja4Y=",
        "owner": "numtide",
        "repo": "flake-utils",
        "rev": "3982c9903e93927c2164caa727cd3f6a0e6d14cc",
        "type": "github"
      },
      "original": {
        "owner": "numtide",
        "repo": "flake-utils",
        "type": "github"
      }
    },
    "nixpkgs": {
      "locked": {
        "lastModified": 1610990896,
        "narHash": "sha256-/qI64B7A/7fYU+uKNKDyIKWxsDnuBTC1lVNI8MobShc=",
        "owner": "NixOS",
        "repo": "nixpkgs",
        "rev": "3510fa28789f27b6057732be48bac13a1d89bc99",
        "type": "github"
      },
      "original": {
        "id": "nixpkgs",
        "type": "indirect"
      }
    },
    "root": {
      "inputs": {
        "flake-utils": "flake-utils",
        "nixpkgs": "nixpkgs",
        "rust-overlay": "rust-overlay"
      }
    },
    "rust-overlay": {
      "inputs": {
        "flake-utils": [
          "flake-utils"
        ],
        "nixpkgs": [
          "nixpkgs"
        ]
      },
      "locked": {
        "lastModified": 1610939806,
        "narHash": "sha256-xY3YVFeryPKivke4oyyH1agEYtAb2mEsXTsl6QQHWzc=",
        "owner": "oxalica",
        "repo": "rust-overlay",
        "rev": "c850e7fa06a46940dff79681cc8362dc53ea3955",
        "type": "github"
      },
      "original": {
        "owner": "oxalica",
        "repo": "rust-overlay",
        "type": "github"
      }
    }
  },
  "root": "root",
  "version": 7
}
