{
  "nodes": {
    "clangdExtensionSrc": {
      "flake": false,
      "locked": {
        "lastModified": 1639108770,
        "narHash": "sha256-0UaUN4AvUMHiZjQGJMwPuqgrGNx5GMUMqkx+AuK7gsc=",
        "owner": "clangd",
        "repo": "vscode-clangd",
        "rev": "eea40252f04c8f49d443ebfe3b4f5ddac84593d0",
        "type": "github"
      },
      "original": {
        "owner": "clangd",
        "repo": "vscode-clangd",
        "type": "github"
      }
    },
    "codiumSrc": {
      "flake": false,
      "locked": {
        "lastModified": 1645218101,
        "narHash": "sha256-SBec50LEJufDhyI55FO0eL3OLTLH5AL9dFV63LUYc+M=",
        "owner": "mstone",
        "repo": "vscodium",
        "rev": "a4ee044e3a1d0de60807ee185c41a0490bbe3842",
        "type": "github"
      },
      "original": {
        "owner": "mstone",
        "repo": "vscodium",
        "type": "github"
      }
    },
    "nixpkgs": {
      "locked": {
        "lastModified": 1645042795,
        "narHash": "sha256-BN5YHGGwsnap6TAl/twHwBywgCs03siJBroU3dLCvF8=",
        "owner": "mstone",
        "repo": "nixpkgs",
        "rev": "d14244af25c607daba11d6786ee46bc2a8effd2a",
        "type": "github"
      },
      "original": {
        "owner": "mstone",
        "ref": "rust-analyzer-2022-02-14",
        "repo": "nixpkgs",
        "type": "github"
      }
    },
    "root": {
      "inputs": {
        "clangdExtensionSrc": "clangdExtensionSrc",
        "codiumSrc": "codiumSrc",
        "nixpkgs": "nixpkgs",
        "rust-overlay": "rust-overlay",
        "utils": "utils",
        "vscode-drawio": "vscode-drawio",
        "vscodeSrc": "vscodeSrc"
      }
    },
    "rust-overlay": {
      "inputs": {
        "flake-utils": [
          "utils"
        ],
        "nixpkgs": [
          "nixpkgs"
        ]
      },
      "locked": {
        "lastModified": 1644892557,
        "narHash": "sha256-z4iE8n2d846imTaOissT78wEEa3GvnhAmTJzpJgUduM=",
        "owner": "oxalica",
        "repo": "rust-overlay",
        "rev": "6d50a4f52d517a53cf740a9746f4e226ac17cf6a",
        "type": "github"
      },
      "original": {
        "owner": "oxalica",
        "repo": "rust-overlay",
        "type": "github"
      }
    },
    "utils": {
      "locked": {
        "lastModified": 1644229661,
        "narHash": "sha256-1YdnJAsNy69bpcjuoKdOYQX0YxZBiCYZo4Twxerqv7k=",
        "owner": "numtide",
        "repo": "flake-utils",
        "rev": "3cecb5b042f7f209c56ffd8371b2711a290ec797",
        "type": "github"
      },
      "original": {
        "owner": "numtide",
        "repo": "flake-utils",
        "type": "github"
      }
    },
    "vscode-drawio": {
      "flake": false,
      "locked": {
        "lastModified": 1640079543,
        "narHash": "sha256-UzVgWU0M/DqqJCgVLgTdQIZiA0brleGS65mO8vm/sWg=",
        "ref": "master",
        "rev": "f18d9efa07a3d0ae4a4cd9d1a1f3a3ffa99f84df",
        "revCount": 284,
        "submodules": true,
        "type": "git",
        "url": "https://github.com/hediet/vscode-drawio"
      },
      "original": {
        "submodules": true,
        "type": "git",
        "url": "https://github.com/hediet/vscode-drawio"
      }
    },
    "vscodeSrc": {
      "flake": false,
      "locked": {
        "lastModified": 1644942007,
        "narHash": "sha256-XoaFvR4sVhAtai2s7SBVOD3iisD08nUP1Jgx4z94X+0=",
        "owner": "microsoft",
        "repo": "vscode",
        "rev": "bd465c03efb8a3d3205103c2efa98684da584666",
        "type": "github"
      },
      "original": {
        "owner": "microsoft",
        "repo": "vscode",
        "type": "github"
      }
    }
  },
  "root": "root",
  "version": 7
}
