{
  "inputs": {
    "moz_overlay_src": {
      "info": {
        "lastModified": 1582134900,
        "narHash": "sha256-Qw75AH10FsjcFMNKEFQ+VRNXQvvQx8CWmnMBxNH62yE=",
        "revCount": 191
      },
      "inputs": {},
      "locked": {
        "ref": "master",
        "rev": "e912ed483e980dfb4666ae0ed17845c4220e5e7c",
        "type": "git",
        "url": "https://github.com/mozilla/nixpkgs-mozilla"
      },
      "original": {
        "type": "git",
        "url": "https://github.com/mozilla/nixpkgs-mozilla"
      }
    },
    "nixpkgs": {
      "info": {
        "lastModified": 1584221457,
        "narHash": "sha256-WdVhNvLw8Mg4K0xXJXaPA6TEhbc+0kfozMxZCQEVoHw="
      },
      "inputs": {},
      "locked": {
        "owner": "NixOS",
        "repo": "nixpkgs",
        "rev": "77396a8c4762c37d563348ed74a2e1177e79e263",
        "type": "github"
      },
      "original": {
        "id": "nixpkgs",
        "type": "indirect"
      }
    }
  },
  "version": 4
}
